# This file is automatically @generated by Cargo.
# It is not intended for manual editing.
version = 3

[[package]]
name = "ast"
version = "0.1.0"

[[package]]
name = "codegen"
version = "0.1.0"
dependencies = [
 "ast",
 "helper",
 "parse",
]

[[package]]
name = "core"
version = "0.1.0"
dependencies = [
 "ast",
 "codegen",
 "lex",
 "parse",
]

[[package]]
name = "helper"
version = "0.1.0"

[[package]]
name = "lex"
version = "0.1.0"

[[package]]
name = "parse"
version = "0.1.0"
dependencies = [
 "ast",
 "helper",
 "lex",
]
